github.com/HugoSmits86/nativewebp v1.2.0 h1:XJtXeTg7FsOi9VB1elQYZy3n6VjYLqofSr3gGRLUOp4=
github.com/HugoSmits86/nativewebp v1.2.0/go.mod h1:YNQuWenlVmSUUASVNhTDwf4d7FwYQGbGhklC8p72Vr8=
github.com/disintegration/imaging v1.6.1/go.mod h1:xuIt+sRxDFrHS0drzXUlCJthkJ8k7lkkUojDSR247MQ=
github.com/esimov/pigo v1.4.1 h1:Py5CXojOFCGJwkUN238EMQP7xJJJpqe4WIi7d3n3S/M=
github.com/esimov/pigo v1.4.1/go.mod h1:4aMlc17iUl253EVq0E1j5AwFIqhlLjNb09CcN+YeTJo=
github.com/fogleman/gg v1.0.0/go.mod h1:R/bRT+9gY/C5z7JzPU0zXsXHKM4/ayA+zqcVNZzPa1k=
github.com/golang/freetype v0.0.0-20170609003504-e2365dfdc4a0/go.mod h1:E/TSTwGwJL78qG/PmXZO1EjYhfJinVAhrmmHX6Z8B9k=
golang.org/x/image v0.0.0-20180708004352-c73c2afc3b81/go.mod h1:ux5Hcp/YLpHSI86hEcLt0YII63i6oz57MZXIpbrjZUs=
golang.org/x/image v0.29.0 h1:HcdsyR4Gsuys/Axh0rDEmlBmB68rW1U9BUdB3UVHsas=
golang.org/x/image v0.29.0/go.mod h1:RVJROnf3SLK8d26OW91j4FrIHGbsJ8QnbEocVTOWQDA=
